
Microsoft Visual Studio Solution File, Format Version 12.00
# Visual Studio Version 17
VisualStudioVersion = 17.0.31903.59
MinimumVisualStudioVersion = 10.0.40219.1
Project("{2150E333-8FDC-42A3-9474-1A3956D46DE8}") = "src", "src", "{2E1C76BB-7B84-4986-B08B-F002724CDE49}"
EndProject
Project("{9A19103F-16F7-4668-BE54-9A1E7A4F7556}") = "Crud.DDD.Host", "src\Crud.DDD.Host\Crud.DDD.Host.csproj", "{506DBB7C-65E2-483C-8C86-5A8AEB871513}"
EndProject
Project("{9A19103F-16F7-4668-BE54-9A1E7A4F7556}") = "Crud.DDD.Application", "src\Crud.DDD.Application\Crud.DDD.Application.csproj", "{8BB36A29-40E0-4E49-A9E5-9FFF0F51C019}"
EndProject
Project("{2150E333-8FDC-42A3-9474-1A3956D46DE8}") = "test", "test", "{7DB8CAE2-A405-4271-A7FA-805F48FD63AA}"
EndProject
Project("{9A19103F-16F7-4668-BE54-9A1E7A4F7556}") = "Crud.DDD.Infrastructure", "src\Crud.DDD.Infrastructure\Crud.DDD.Infrastructure.csproj", "{5BFA10A9-EB5F-48A0-923E-F4C648344D7C}"
EndProject
Project("{9A19103F-16F7-4668-BE54-9A1E7A4F7556}") = "Crud.DDD.Core", "src\Crud.DDD.Core\Crud.DDD.Core.csproj", "{0A2E4E35-EE1B-4181-8BFA-B67B4359686B}"
EndProject
Project("{9A19103F-16F7-4668-BE54-9A1E7A4F7556}") = "Crud.DDD.Core.Shared", "src\Crud.DDD.Core.Shared\Crud.DDD.Core.Shared.csproj", "{E935BBE4-07E5-4114-840A-EC33FDA38D38}"
EndProject
Project("{9A19103F-16F7-4668-BE54-9A1E7A4F7556}") = "Crud.DDD.Core.Test.Unit", "test\Crud.DDD.Core.Test.Unit\Crud.DDD.Core.Test.Unit.csproj", "{CF3DAE94-ECDA-40AF-B7F1-B464128FB154}"
EndProject
Global
	GlobalSection(SolutionConfigurationPlatforms) = preSolution
		Debug|Any CPU = Debug|Any CPU
		Release|Any CPU = Release|Any CPU
	EndGlobalSection
	GlobalSection(ProjectConfigurationPlatforms) = postSolution
		{506DBB7C-65E2-483C-8C86-5A8AEB871513}.Debug|Any CPU.ActiveCfg = Debug|Any CPU
		{506DBB7C-65E2-483C-8C86-5A8AEB871513}.Debug|Any CPU.Build.0 = Debug|Any CPU
		{506DBB7C-65E2-483C-8C86-5A8AEB871513}.Release|Any CPU.ActiveCfg = Release|Any CPU
		{506DBB7C-65E2-483C-8C86-5A8AEB871513}.Release|Any CPU.Build.0 = Release|Any CPU
		{8BB36A29-40E0-4E49-A9E5-9FFF0F51C019}.Debug|Any CPU.ActiveCfg = Debug|Any CPU
		{8BB36A29-40E0-4E49-A9E5-9FFF0F51C019}.Debug|Any CPU.Build.0 = Debug|Any CPU
		{8BB36A29-40E0-4E49-A9E5-9FFF0F51C019}.Release|Any CPU.ActiveCfg = Release|Any CPU
		{8BB36A29-40E0-4E49-A9E5-9FFF0F51C019}.Release|Any CPU.Build.0 = Release|Any CPU
		{5BFA10A9-EB5F-48A0-923E-F4C648344D7C}.Debug|Any CPU.ActiveCfg = Debug|Any CPU
		{5BFA10A9-EB5F-48A0-923E-F4C648344D7C}.Debug|Any CPU.Build.0 = Debug|Any CPU
		{5BFA10A9-EB5F-48A0-923E-F4C648344D7C}.Release|Any CPU.ActiveCfg = Release|Any CPU
		{5BFA10A9-EB5F-48A0-923E-F4C648344D7C}.Release|Any CPU.Build.0 = Release|Any CPU
		{0A2E4E35-EE1B-4181-8BFA-B67B4359686B}.Debug|Any CPU.ActiveCfg = Debug|Any CPU
		{0A2E4E35-EE1B-4181-8BFA-B67B4359686B}.Debug|Any CPU.Build.0 = Debug|Any CPU
		{0A2E4E35-EE1B-4181-8BFA-B67B4359686B}.Release|Any CPU.ActiveCfg = Release|Any CPU
		{0A2E4E35-EE1B-4181-8BFA-B67B4359686B}.Release|Any CPU.Build.0 = Release|Any CPU
		{E935BBE4-07E5-4114-840A-EC33FDA38D38}.Debug|Any CPU.ActiveCfg = Debug|Any CPU
		{E935BBE4-07E5-4114-840A-EC33FDA38D38}.Debug|Any CPU.Build.0 = Debug|Any CPU
		{E935BBE4-07E5-4114-840A-EC33FDA38D38}.Release|Any CPU.ActiveCfg = Release|Any CPU
		{E935BBE4-07E5-4114-840A-EC33FDA38D38}.Release|Any CPU.Build.0 = Release|Any CPU
		{CF3DAE94-ECDA-40AF-B7F1-B464128FB154}.Debug|Any CPU.ActiveCfg = Debug|Any CPU
		{CF3DAE94-ECDA-40AF-B7F1-B464128FB154}.Debug|Any CPU.Build.0 = Debug|Any CPU
		{CF3DAE94-ECDA-40AF-B7F1-B464128FB154}.Release|Any CPU.ActiveCfg = Release|Any CPU
		{CF3DAE94-ECDA-40AF-B7F1-B464128FB154}.Release|Any CPU.Build.0 = Release|Any CPU
	EndGlobalSection
	GlobalSection(SolutionProperties) = preSolution
		HideSolutionNode = FALSE
	EndGlobalSection
	GlobalSection(NestedProjects) = preSolution
		{506DBB7C-65E2-483C-8C86-5A8AEB871513} = {2E1C76BB-7B84-4986-B08B-F002724CDE49}
		{8BB36A29-40E0-4E49-A9E5-9FFF0F51C019} = {2E1C76BB-7B84-4986-B08B-F002724CDE49}
		{5BFA10A9-EB5F-48A0-923E-F4C648344D7C} = {2E1C76BB-7B84-4986-B08B-F002724CDE49}
		{0A2E4E35-EE1B-4181-8BFA-B67B4359686B} = {2E1C76BB-7B84-4986-B08B-F002724CDE49}
		{E935BBE4-07E5-4114-840A-EC33FDA38D38} = {2E1C76BB-7B84-4986-B08B-F002724CDE49}
		{CF3DAE94-ECDA-40AF-B7F1-B464128FB154} = {7DB8CAE2-A405-4271-A7FA-805F48FD63AA}
	EndGlobalSection
	GlobalSection(ExtensibilityGlobals) = postSolution
		SolutionGuid = {8141AE3A-DA01-496C-8C8A-D1FA34B99129}
	EndGlobalSection
EndGlobal
