
Microsoft Visual Studio Solution File, Format Version 12.00
# Visual Studio Version 17
VisualStudioVersion = 17.0.31903.59
MinimumVisualStudioVersion = 10.0.40219.1
Project("{2150E333-8FDC-42A3-9474-1A3956D46DE8}") = "src", "src", "{2E1C76BB-7B84-4986-B08B-F002724CDE49}"
EndProject
Project("{9A19103F-16F7-4668-BE54-9A1E7A4F7556}") = "Crud.DDD.Host", "src\Crud.DDD.Host\Crud.DDD.Host.csproj", "{506DBB7C-65E2-483C-8C86-5A8AEB871513}"
EndProject
Project("{9A19103F-16F7-4668-BE54-9A1E7A4F7556}") = "Crud.DDD.Application", "src\Crud.DDD.Application\Crud.DDD.Application.csproj", "{8BB36A29-40E0-4E49-A9E5-9FFF0F51C019}"
EndProject
Project("{9A19103F-16F7-4668-BE54-9A1E7A4F7556}") = "Crud.DDD.Core", "src\Crud.DDD.Domian\Crud.DDD.Core.csproj", "{D171DC86-191B-4DBD-838E-FFA7E4DCDB5A}"
EndProject
Project("{2150E333-8FDC-42A3-9474-1A3956D46DE8}") = "test", "test", "{7DB8CAE2-A405-4271-A7FA-805F48FD63AA}"
EndProject
Project("{9A19103F-16F7-4668-BE54-9A1E7A4F7556}") = "Crud.DDD.Domain.Test", "test\Crud.DDD.Domain.Test\Crud.DDD.Domain.Test.csproj", "{459FB2BD-1753-4603-B1E4-0AF1F35DDCC0}"
EndProject
Project("{9A19103F-16F7-4668-BE54-9A1E7A4F7556}") = "Crud.DDD.Infrastructure", "src\Crud.DDD.Infrastructure\Crud.DDD.Infrastructure.csproj", "{5BFA10A9-EB5F-48A0-923E-F4C648344D7C}"
EndProject
Project("{FAE04EC0-301F-11D3-BF4B-00C04F79EFBC}") = "Crud.DDD.Core.Shared", "src\DDD-sample.Core.Shared\Crud.DDD.Core.Shared.csproj", "{9C1DD1A0-82A2-4E8C-9BC4-C6F24D1E2F18}"
EndProject
Global
	GlobalSection(SolutionConfigurationPlatforms) = preSolution
		Debug|Any CPU = Debug|Any CPU
		Release|Any CPU = Release|Any CPU
	EndGlobalSection
	GlobalSection(ProjectConfigurationPlatforms) = postSolution
		{506DBB7C-65E2-483C-8C86-5A8AEB871513}.Debug|Any CPU.ActiveCfg = Debug|Any CPU
		{506DBB7C-65E2-483C-8C86-5A8AEB871513}.Debug|Any CPU.Build.0 = Debug|Any CPU
		{506DBB7C-65E2-483C-8C86-5A8AEB871513}.Release|Any CPU.ActiveCfg = Release|Any CPU
		{506DBB7C-65E2-483C-8C86-5A8AEB871513}.Release|Any CPU.Build.0 = Release|Any CPU
		{8BB36A29-40E0-4E49-A9E5-9FFF0F51C019}.Debug|Any CPU.ActiveCfg = Debug|Any CPU
		{8BB36A29-40E0-4E49-A9E5-9FFF0F51C019}.Debug|Any CPU.Build.0 = Debug|Any CPU
		{8BB36A29-40E0-4E49-A9E5-9FFF0F51C019}.Release|Any CPU.ActiveCfg = Release|Any CPU
		{8BB36A29-40E0-4E49-A9E5-9FFF0F51C019}.Release|Any CPU.Build.0 = Release|Any CPU
		{D171DC86-191B-4DBD-838E-FFA7E4DCDB5A}.Debug|Any CPU.ActiveCfg = Debug|Any CPU
		{D171DC86-191B-4DBD-838E-FFA7E4DCDB5A}.Debug|Any CPU.Build.0 = Debug|Any CPU
		{D171DC86-191B-4DBD-838E-FFA7E4DCDB5A}.Release|Any CPU.ActiveCfg = Release|Any CPU
		{D171DC86-191B-4DBD-838E-FFA7E4DCDB5A}.Release|Any CPU.Build.0 = Release|Any CPU
		{459FB2BD-1753-4603-B1E4-0AF1F35DDCC0}.Debug|Any CPU.ActiveCfg = Debug|Any CPU
		{459FB2BD-1753-4603-B1E4-0AF1F35DDCC0}.Debug|Any CPU.Build.0 = Debug|Any CPU
		{459FB2BD-1753-4603-B1E4-0AF1F35DDCC0}.Release|Any CPU.ActiveCfg = Release|Any CPU
		{459FB2BD-1753-4603-B1E4-0AF1F35DDCC0}.Release|Any CPU.Build.0 = Release|Any CPU
		{5BFA10A9-EB5F-48A0-923E-F4C648344D7C}.Debug|Any CPU.ActiveCfg = Debug|Any CPU
		{5BFA10A9-EB5F-48A0-923E-F4C648344D7C}.Debug|Any CPU.Build.0 = Debug|Any CPU
		{5BFA10A9-EB5F-48A0-923E-F4C648344D7C}.Release|Any CPU.ActiveCfg = Release|Any CPU
		{5BFA10A9-EB5F-48A0-923E-F4C648344D7C}.Release|Any CPU.Build.0 = Release|Any CPU
		{9C1DD1A0-82A2-4E8C-9BC4-C6F24D1E2F18}.Debug|Any CPU.ActiveCfg = Debug|Any CPU
		{9C1DD1A0-82A2-4E8C-9BC4-C6F24D1E2F18}.Debug|Any CPU.Build.0 = Debug|Any CPU
		{9C1DD1A0-82A2-4E8C-9BC4-C6F24D1E2F18}.Release|Any CPU.ActiveCfg = Release|Any CPU
		{9C1DD1A0-82A2-4E8C-9BC4-C6F24D1E2F18}.Release|Any CPU.Build.0 = Release|Any CPU
	EndGlobalSection
	GlobalSection(SolutionProperties) = preSolution
		HideSolutionNode = FALSE
	EndGlobalSection
	GlobalSection(NestedProjects) = preSolution
		{506DBB7C-65E2-483C-8C86-5A8AEB871513} = {2E1C76BB-7B84-4986-B08B-F002724CDE49}
		{8BB36A29-40E0-4E49-A9E5-9FFF0F51C019} = {2E1C76BB-7B84-4986-B08B-F002724CDE49}
		{D171DC86-191B-4DBD-838E-FFA7E4DCDB5A} = {2E1C76BB-7B84-4986-B08B-F002724CDE49}
		{459FB2BD-1753-4603-B1E4-0AF1F35DDCC0} = {7DB8CAE2-A405-4271-A7FA-805F48FD63AA}
		{5BFA10A9-EB5F-48A0-923E-F4C648344D7C} = {2E1C76BB-7B84-4986-B08B-F002724CDE49}
		{9C1DD1A0-82A2-4E8C-9BC4-C6F24D1E2F18} = {2E1C76BB-7B84-4986-B08B-F002724CDE49}
	EndGlobalSection
	GlobalSection(ExtensibilityGlobals) = postSolution
		SolutionGuid = {8141AE3A-DA01-496C-8C8A-D1FA34B99129}
	EndGlobalSection
EndGlobal
